
Microsoft Visual Studio Solution File, Format Version 12.00
# Visual Studio Version 17
VisualStudioVersion = 17.9.34616.47
MinimumVisualStudioVersion = 10.0.40219.1
Project("{9A19103F-16F7-4668-BE54-9A1E7A4F7556}") = "BookStoreWeb", "BookStoreWeb\BookStoreWeb.csproj", "{9B08E6BD-1D2D-4904-A286-AA1B1CCEA2BB}"
EndProject
Project("{FAE04EC0-301F-11D3-BF4B-00C04F79EFBC}") = "BookStore.DataAccess", "BookStore.DataAccess\BookStore.DataAccess.csproj", "{67EF3D54-BFA4-4015-8D85-67D87551EA15}"
EndProject
Project("{FAE04EC0-301F-11D3-BF4B-00C04F79EFBC}") = "BookStore.Models", "BookStore.Models\BookStore.Models.csproj", "{FF0D2641-3C4A-466B-8303-E961181D50F7}"
EndProject
Project("{FAE04EC0-301F-11D3-BF4B-00C04F79EFBC}") = "BookStore.Utility", "BookStore.Utility\BookStore.Utility.csproj", "{BB437BB1-1A4C-4C1A-B8F5-05C3362AA7D4}"
EndProject
Global
	GlobalSection(SolutionConfigurationPlatforms) = preSolution
		Debug|Any CPU = Debug|Any CPU
		Release|Any CPU = Release|Any CPU
	EndGlobalSection
	GlobalSection(ProjectConfigurationPlatforms) = postSolution
		{9B08E6BD-1D2D-4904-A286-AA1B1CCEA2BB}.Debug|Any CPU.ActiveCfg = Debug|Any CPU
		{9B08E6BD-1D2D-4904-A286-AA1B1CCEA2BB}.Debug|Any CPU.Build.0 = Debug|Any CPU
		{9B08E6BD-1D2D-4904-A286-AA1B1CCEA2BB}.Release|Any CPU.ActiveCfg = Release|Any CPU
		{9B08E6BD-1D2D-4904-A286-AA1B1CCEA2BB}.Release|Any CPU.Build.0 = Release|Any CPU
		{67EF3D54-BFA4-4015-8D85-67D87551EA15}.Debug|Any CPU.ActiveCfg = Debug|Any CPU
		{67EF3D54-BFA4-4015-8D85-67D87551EA15}.Debug|Any CPU.Build.0 = Debug|Any CPU
		{67EF3D54-BFA4-4015-8D85-67D87551EA15}.Release|Any CPU.ActiveCfg = Release|Any CPU
		{67EF3D54-BFA4-4015-8D85-67D87551EA15}.Release|Any CPU.Build.0 = Release|Any CPU
		{FF0D2641-3C4A-466B-8303-E961181D50F7}.Debug|Any CPU.ActiveCfg = Debug|Any CPU
		{FF0D2641-3C4A-466B-8303-E961181D50F7}.Debug|Any CPU.Build.0 = Debug|Any CPU
		{FF0D2641-3C4A-466B-8303-E961181D50F7}.Release|Any CPU.ActiveCfg = Release|Any CPU
		{FF0D2641-3C4A-466B-8303-E961181D50F7}.Release|Any CPU.Build.0 = Release|Any CPU
		{BB437BB1-1A4C-4C1A-B8F5-05C3362AA7D4}.Debug|Any CPU.ActiveCfg = Debug|Any CPU
		{BB437BB1-1A4C-4C1A-B8F5-05C3362AA7D4}.Debug|Any CPU.Build.0 = Debug|Any CPU
		{BB437BB1-1A4C-4C1A-B8F5-05C3362AA7D4}.Release|Any CPU.ActiveCfg = Release|Any CPU
		{BB437BB1-1A4C-4C1A-B8F5-05C3362AA7D4}.Release|Any CPU.Build.0 = Release|Any CPU
	EndGlobalSection
	GlobalSection(SolutionProperties) = preSolution
		HideSolutionNode = FALSE
	EndGlobalSection
	GlobalSection(ExtensibilityGlobals) = postSolution
		SolutionGuid = {92366A2F-9B2F-4C29-9FDF-5EE5F8AAD65E}
	EndGlobalSection
EndGlobal
